// !$*UTF8*$!
{
	archiveVersion = 1;
	classes = {
	};
	objectVersion = 46;
	objects = {

/* Begin PBXBuildFile section */
		C4D486A019A9D245009E4C6D /* Foundation.framework in Frameworks */ = {isa = PBXBuildFile; fileRef = C4D4869F19A9D245009E4C6D /* Foundation.framework */; };
		C4D486A219A9D245009E4C6D /* CoreGraphics.framework in Frameworks */ = {isa = PBXBuildFile; fileRef = C4D486A119A9D245009E4C6D /* CoreGraphics.framework */; };
		C4D486A419A9D245009E4C6D /* UIKit.framework in Frameworks */ = {isa = PBXBuildFile; fileRef = C4D486A319A9D245009E4C6D /* UIKit.framework */; };
		C4D486AA19A9D245009E4C6D /* InfoPlist.strings in Resources */ = {isa = PBXBuildFile; fileRef = C4D486A819A9D245009E4C6D /* InfoPlist.strings */; };
		C4D486AC19A9D245009E4C6D /* main.m in Sources */ = {isa = PBXBuildFile; fileRef = C4D486AB19A9D245009E4C6D /* main.m */; };
		C4D486B019A9D245009E4C6D /* AppDelegate.m in Sources */ = {isa = PBXBuildFile; fileRef = C4D486AF19A9D245009E4C6D /* AppDelegate.m */; };
		C4D486B319A9D245009E4C6D /* Main_iPhone.storyboard in Resources */ = {isa = PBXBuildFile; fileRef = C4D486B119A9D245009E4C6D /* Main_iPhone.storyboard */; };
		C4D486B619A9D245009E4C6D /* Main_iPad.storyboard in Resources */ = {isa = PBXBuildFile; fileRef = C4D486B419A9D245009E4C6D /* Main_iPad.storyboard */; };
		C4D486B919A9D245009E4C6D /* ViewController.m in Sources */ = {isa = PBXBuildFile; fileRef = C4D486B819A9D245009E4C6D /* ViewController.m */; };
		C4D486BB19A9D245009E4C6D /* Images.xcassets in Resources */ = {isa = PBXBuildFile; fileRef = C4D486BA19A9D245009E4C6D /* Images.xcassets */; };
		C4D486C219A9D245009E4C6D /* XCTest.framework in Frameworks */ = {isa = PBXBuildFile; fileRef = C4D486C119A9D245009E4C6D /* XCTest.framework */; };
		C4D486C319A9D245009E4C6D /* Foundation.framework in Frameworks */ = {isa = PBXBuildFile; fileRef = C4D4869F19A9D245009E4C6D /* Foundation.framework */; };
		C4D486C419A9D245009E4C6D /* UIKit.framework in Frameworks */ = {isa = PBXBuildFile; fileRef = C4D486A319A9D245009E4C6D /* UIKit.framework */; };
		C4D486CC19A9D245009E4C6D /* InfoPlist.strings in Resources */ = {isa = PBXBuildFile; fileRef = C4D486CA19A9D245009E4C6D /* InfoPlist.strings */; };
		C4D486CE19A9D245009E4C6D /* newBotTests.m in Sources */ = {isa = PBXBuildFile; fileRef = C4D486CD19A9D245009E4C6D /* newBotTests.m */; };
/* End PBXBuildFile section */

/* Begin PBXContainerItemProxy section */
		C4D486C519A9D245009E4C6D /* PBXContainerItemProxy */ = {
			isa = PBXContainerItemProxy;
			containerPortal = C4D4869419A9D245009E4C6D /* Project object */;
			proxyType = 1;
			remoteGlobalIDString = C4D4869B19A9D245009E4C6D;
			remoteInfo = newBot;
		};
/* End PBXContainerItemProxy section */

/* Begin PBXFileReference section */
		C4D4869C19A9D245009E4C6D /* newBot.app */ = {isa = PBXFileReference; explicitFileType = wrapper.application; includeInIndex = 0; path = newBot.app; sourceTree = BUILT_PRODUCTS_DIR; };
		C4D4869F19A9D245009E4C6D /* Foundation.framework */ = {isa = PBXFileReference; lastKnownFileType = wrapper.framework; name = Foundation.framework; path = System/Library/Frameworks/Foundation.framework; sourceTree = SDKROOT; };
		C4D486A119A9D245009E4C6D /* CoreGraphics.framework */ = {isa = PBXFileReference; lastKnownFileType = wrapper.framework; name = CoreGraphics.framework; path = System/Library/Frameworks/CoreGraphics.framework; sourceTree = SDKROOT; };
		C4D486A319A9D245009E4C6D /* UIKit.framework */ = {isa = PBXFileReference; lastKnownFileType = wrapper.framework; name = UIKit.framework; path = System/Library/Frameworks/UIKit.framework; sourceTree = SDKROOT; };
		C4D486A719A9D245009E4C6D /* newBot-Info.plist */ = {isa = PBXFileReference; lastKnownFileType = text.plist.xml; path = "newBot-Info.plist"; sourceTree = "<group>"; };
		C4D486A919A9D245009E4C6D /* en */ = {isa = PBXFileReference; lastKnownFileType = text.plist.strings; name = en; path = en.lproj/InfoPlist.strings; sourceTree = "<group>"; };
		C4D486AB19A9D245009E4C6D /* main.m */ = {isa = PBXFileReference; lastKnownFileType = sourcecode.c.objc; path = main.m; sourceTree = "<group>"; };
		C4D486AD19A9D245009E4C6D /* newBot-Prefix.pch */ = {isa = PBXFileReference; lastKnownFileType = sourcecode.c.h; path = "newBot-Prefix.pch"; sourceTree = "<group>"; };
		C4D486AE19A9D245009E4C6D /* AppDelegate.h */ = {isa = PBXFileReference; lastKnownFileType = sourcecode.c.h; path = AppDelegate.h; sourceTree = "<group>"; };
		C4D486AF19A9D245009E4C6D /* AppDelegate.m */ = {isa = PBXFileReference; lastKnownFileType = sourcecode.c.objc; path = AppDelegate.m; sourceTree = "<group>"; };
		C4D486B219A9D245009E4C6D /* Base */ = {isa = PBXFileReference; lastKnownFileType = file.storyboard; name = Base; path = Base.lproj/Main_iPhone.storyboard; sourceTree = "<group>"; };
		C4D486B519A9D245009E4C6D /* Base */ = {isa = PBXFileReference; lastKnownFileType = file.storyboard; name = Base; path = Base.lproj/Main_iPad.storyboard; sourceTree = "<group>"; };
		C4D486B719A9D245009E4C6D /* ViewController.h */ = {isa = PBXFileReference; lastKnownFileType = sourcecode.c.h; path = ViewController.h; sourceTree = "<group>"; };
		C4D486B819A9D245009E4C6D /* ViewController.m */ = {isa = PBXFileReference; lastKnownFileType = sourcecode.c.objc; path = ViewController.m; sourceTree = "<group>"; };
		C4D486BA19A9D245009E4C6D /* Images.xcassets */ = {isa = PBXFileReference; lastKnownFileType = folder.assetcatalog; path = Images.xcassets; sourceTree = "<group>"; };
		C4D486C019A9D245009E4C6D /* newBotTests.xctest */ = {isa = PBXFileReference; explicitFileType = wrapper.cfbundle; includeInIndex = 0; path = newBotTests.xctest; sourceTree = BUILT_PRODUCTS_DIR; };
		C4D486C119A9D245009E4C6D /* XCTest.framework */ = {isa = PBXFileReference; lastKnownFileType = wrapper.framework; name = XCTest.framework; path = Library/Frameworks/XCTest.framework; sourceTree = DEVELOPER_DIR; };
		C4D486C919A9D245009E4C6D /* newBotTests-Info.plist */ = {isa = PBXFileReference; lastKnownFileType = text.plist.xml; path = "newBotTests-Info.plist"; sourceTree = "<group>"; };
		C4D486CB19A9D245009E4C6D /* en */ = {isa = PBXFileReference; lastKnownFileType = text.plist.strings; name = en; path = en.lproj/InfoPlist.strings; sourceTree = "<group>"; };
		C4D486CD19A9D245009E4C6D /* newBotTests.m */ = {isa = PBXFileReference; lastKnownFileType = sourcecode.c.objc; path = newBotTests.m; sourceTree = "<group>"; };
/* End PBXFileReference section */

/* Begin PBXFrameworksBuildPhase section */
		C4D4869919A9D245009E4C6D /* Frameworks */ = {
			isa = PBXFrameworksBuildPhase;
			buildActionMask = 2147483647;
			files = (
				C4D486A219A9D245009E4C6D /* CoreGraphics.framework in Frameworks */,
				C4D486A419A9D245009E4C6D /* UIKit.framework in Frameworks */,
				C4D486A019A9D245009E4C6D /* Foundation.framework in Frameworks */,
			);
			runOnlyForDeploymentPostprocessing = 0;
		};
		C4D486BD19A9D245009E4C6D /* Frameworks */ = {
			isa = PBXFrameworksBuildPhase;
			buildActionMask = 2147483647;
			files = (
				C4D486C219A9D245009E4C6D /* XCTest.framework in Frameworks */,
				C4D486C419A9D245009E4C6D /* UIKit.framework in Frameworks */,
				C4D486C319A9D245009E4C6D /* Foundation.framework in Frameworks */,
			);
			runOnlyForDeploymentPostprocessing = 0;
		};
/* End PBXFrameworksBuildPhase section */

/* Begin PBXGroup section */
		C4D4869319A9D245009E4C6D = {
			isa = PBXGroup;
			children = (
				C4D486A519A9D245009E4C6D /* newBot */,
				C4D486C719A9D245009E4C6D /* newBotTests */,
				C4D4869E19A9D245009E4C6D /* Frameworks */,
				C4D4869D19A9D245009E4C6D /* Products */,
			);
			sourceTree = "<group>";
		};
		C4D4869D19A9D245009E4C6D /* Products */ = {
			isa = PBXGroup;
			children = (
				C4D4869C19A9D245009E4C6D /* newBot.app */,
				C4D486C019A9D245009E4C6D /* newBotTests.xctest */,
			);
			name = Products;
			sourceTree = "<group>";
		};
		C4D4869E19A9D245009E4C6D /* Frameworks */ = {
			isa = PBXGroup;
			children = (
				C4D4869F19A9D245009E4C6D /* Foundation.framework */,
				C4D486A119A9D245009E4C6D /* CoreGraphics.framework */,
				C4D486A319A9D245009E4C6D /* UIKit.framework */,
				C4D486C119A9D245009E4C6D /* XCTest.framework */,
			);
			name = Frameworks;
			sourceTree = "<group>";
		};
		C4D486A519A9D245009E4C6D /* newBot */ = {
			isa = PBXGroup;
			children = (
				C4D486AE19A9D245009E4C6D /* AppDelegate.h */,
				C4D486AF19A9D245009E4C6D /* AppDelegate.m */,
				C4D486B119A9D245009E4C6D /* Main_iPhone.storyboard */,
				C4D486B419A9D245009E4C6D /* Main_iPad.storyboard */,
				C4D486B719A9D245009E4C6D /* ViewController.h */,
				C4D486B819A9D245009E4C6D /* ViewController.m */,
				C4D486BA19A9D245009E4C6D /* Images.xcassets */,
				C4D486A619A9D245009E4C6D /* Supporting Files */,
			);
			path = newBot;
			sourceTree = "<group>";
		};
		C4D486A619A9D245009E4C6D /* Supporting Files */ = {
			isa = PBXGroup;
			children = (
				C4D486A719A9D245009E4C6D /* newBot-Info.plist */,
				C4D486A819A9D245009E4C6D /* InfoPlist.strings */,
				C4D486AB19A9D245009E4C6D /* main.m */,
				C4D486AD19A9D245009E4C6D /* newBot-Prefix.pch */,
			);
			name = "Supporting Files";
			sourceTree = "<group>";
		};
		C4D486C719A9D245009E4C6D /* newBotTests */ = {
			isa = PBXGroup;
			children = (
				C4D486CD19A9D245009E4C6D /* newBotTests.m */,
				C4D486C819A9D245009E4C6D /* Supporting Files */,
			);
			path = newBotTests;
			sourceTree = "<group>";
		};
		C4D486C819A9D245009E4C6D /* Supporting Files */ = {
			isa = PBXGroup;
			children = (
				C4D486C919A9D245009E4C6D /* newBotTests-Info.plist */,
				C4D486CA19A9D245009E4C6D /* InfoPlist.strings */,
			);
			name = "Supporting Files";
			sourceTree = "<group>";
		};
/* End PBXGroup section */

/* Begin PBXNativeTarget section */
		C4D4869B19A9D245009E4C6D /* newBot */ = {
			isa = PBXNativeTarget;
			buildConfigurationList = C4D486D119A9D245009E4C6D /* Build configuration list for PBXNativeTarget "newBot" */;
			buildPhases = (
				C4D4869819A9D245009E4C6D /* Sources */,
				C4D4869919A9D245009E4C6D /* Frameworks */,
				C4D4869A19A9D245009E4C6D /* Resources */,
			);
			buildRules = (
			);
			dependencies = (
			);
			name = newBot;
			productName = newBot;
			productReference = C4D4869C19A9D245009E4C6D /* newBot.app */;
			productType = "com.apple.product-type.application";
		};
		C4D486BF19A9D245009E4C6D /* newBotTests */ = {
			isa = PBXNativeTarget;
			buildConfigurationList = C4D486D419A9D245009E4C6D /* Build configuration list for PBXNativeTarget "newBotTests" */;
			buildPhases = (
				C4D486BC19A9D245009E4C6D /* Sources */,
				C4D486BD19A9D245009E4C6D /* Frameworks */,
				C4D486BE19A9D245009E4C6D /* Resources */,
			);
			buildRules = (
			);
			dependencies = (
				C4D486C619A9D245009E4C6D /* PBXTargetDependency */,
			);
			name = newBotTests;
			productName = newBotTests;
			productReference = C4D486C019A9D245009E4C6D /* newBotTests.xctest */;
			productType = "com.apple.product-type.bundle.unit-test";
		};
/* End PBXNativeTarget section */

/* Begin PBXProject section */
		C4D4869419A9D245009E4C6D /* Project object */ = {
			isa = PBXProject;
			attributes = {
				LastUpgradeCheck = 0510;
				ORGANIZATIONNAME = raghu;
				TargetAttributes = {
					C4D486BF19A9D245009E4C6D = {
						TestTargetID = C4D4869B19A9D245009E4C6D;
					};
				};
			};
			buildConfigurationList = C4D4869719A9D245009E4C6D /* Build configuration list for PBXProject "newBot" */;
			compatibilityVersion = "Xcode 3.2";
			developmentRegion = English;
			hasScannedForEncodings = 0;
			knownRegions = (
				en,
				Base,
			);
			mainGroup = C4D4869319A9D245009E4C6D;
			productRefGroup = C4D4869D19A9D245009E4C6D /* Products */;
			projectDirPath = "";
			projectRoot = "";
			targets = (
				C4D4869B19A9D245009E4C6D /* newBot */,
				C4D486BF19A9D245009E4C6D /* newBotTests */,
			);
		};
/* End PBXProject section */

/* Begin PBXResourcesBuildPhase section */
		C4D4869A19A9D245009E4C6D /* Resources */ = {
			isa = PBXResourcesBuildPhase;
			buildActionMask = 2147483647;
			files = (
				C4D486B619A9D245009E4C6D /* Main_iPad.storyboard in Resources */,
				C4D486BB19A9D245009E4C6D /* Images.xcassets in Resources */,
				C4D486B319A9D245009E4C6D /* Main_iPhone.storyboard in Resources */,
				C4D486AA19A9D245009E4C6D /* InfoPlist.strings in Resources */,
			);
			runOnlyForDeploymentPostprocessing = 0;
		};
		C4D486BE19A9D245009E4C6D /* Resources */ = {
			isa = PBXResourcesBuildPhase;
			buildActionMask = 2147483647;
			files = (
				C4D486CC19A9D245009E4C6D /* InfoPlist.strings in Resources */,
			);
			runOnlyForDeploymentPostprocessing = 0;
		};
/* End PBXResourcesBuildPhase section */

/* Begin PBXSourcesBuildPhase section */
		C4D4869819A9D245009E4C6D /* Sources */ = {
			isa = PBXSourcesBuildPhase;
			buildActionMask = 2147483647;
			files = (
				C4D486B919A9D245009E4C6D /* ViewController.m in Sources */,
				C4D486B019A9D245009E4C6D /* AppDelegate.m in Sources */,
				C4D486AC19A9D245009E4C6D /* main.m in Sources */,
			);
			runOnlyForDeploymentPostprocessing = 0;
		};
		C4D486BC19A9D245009E4C6D /* Sources */ = {
			isa = PBXSourcesBuildPhase;
			buildActionMask = 2147483647;
			files = (
				C4D486CE19A9D245009E4C6D /* newBotTests.m in Sources */,
			);
			runOnlyForDeploymentPostprocessing = 0;
		};
/* End PBXSourcesBuildPhase section */

/* Begin PBXTargetDependency section */
		C4D486C619A9D245009E4C6D /* PBXTargetDependency */ = {
			isa = PBXTargetDependency;
			target = C4D4869B19A9D245009E4C6D /* newBot */;
			targetProxy = C4D486C519A9D245009E4C6D /* PBXContainerItemProxy */;
		};
/* End PBXTargetDependency section */

/* Begin PBXVariantGroup section */
		C4D486A819A9D245009E4C6D /* InfoPlist.strings */ = {
			isa = PBXVariantGroup;
			children = (
				C4D486A919A9D245009E4C6D /* en */,
			);
			name = InfoPlist.strings;
			sourceTree = "<group>";
		};
		C4D486B119A9D245009E4C6D /* Main_iPhone.storyboard */ = {
			isa = PBXVariantGroup;
			children = (
				C4D486B219A9D245009E4C6D /* Base */,
			);
			name = Main_iPhone.storyboard;
			sourceTree = "<group>";
		};
		C4D486B419A9D245009E4C6D /* Main_iPad.storyboard */ = {
			isa = PBXVariantGroup;
			children = (
				C4D486B519A9D245009E4C6D /* Base */,
			);
			name = Main_iPad.storyboard;
			sourceTree = "<group>";
		};
		C4D486CA19A9D245009E4C6D /* InfoPlist.strings */ = {
			isa = PBXVariantGroup;
			children = (
				C4D486CB19A9D245009E4C6D /* en */,
			);
			name = InfoPlist.strings;
			sourceTree = "<group>";
		};
/* End PBXVariantGroup section */

/* Begin XCBuildConfiguration section */
		C4D486CF19A9D245009E4C6D /* Debug */ = {
			isa = XCBuildConfiguration;
			buildSettings = {
				ALWAYS_SEARCH_USER_PATHS = NO;
				CLANG_CXX_LANGUAGE_STANDARD = "gnu++0x";
				CLANG_CXX_LIBRARY = "libc++";
				CLANG_ENABLE_MODULES = YES;
				CLANG_ENABLE_OBJC_ARC = YES;
				CLANG_WARN_BOOL_CONVERSION = YES;
				CLANG_WARN_CONSTANT_CONVERSION = YES;
				CLANG_WARN_DIRECT_OBJC_ISA_USAGE = YES_ERROR;
				CLANG_WARN_EMPTY_BODY = YES;
				CLANG_WARN_ENUM_CONVERSION = YES;
				CLANG_WARN_INT_CONVERSION = YES;
				CLANG_WARN_OBJC_ROOT_CLASS = YES_ERROR;
				CLANG_WARN__DUPLICATE_METHOD_MATCH = YES;
				"CODE_SIGN_IDENTITY[sdk=iphoneos*]" = "iPhone Developer";
				COPY_PHASE_STRIP = NO;
				GCC_C_LANGUAGE_STANDARD = gnu99;
				GCC_DYNAMIC_NO_PIC = NO;
				GCC_OPTIMIZATION_LEVEL = 0;
				GCC_PREPROCESSOR_DEFINITIONS = (
					"DEBUG=1",
					"$(inherited)",
				);
				GCC_SYMBOLS_PRIVATE_EXTERN = NO;
				GCC_WARN_64_TO_32_BIT_CONVERSION = YES;
				GCC_WARN_ABOUT_RETURN_TYPE = YES_ERROR;
				GCC_WARN_UNDECLARED_SELECTOR = YES;
				GCC_WARN_UNINITIALIZED_AUTOS = YES_AGGRESSIVE;
				GCC_WARN_UNUSED_FUNCTION = YES;
				GCC_WARN_UNUSED_VARIABLE = YES;
				IPHONEOS_DEPLOYMENT_TARGET = 7.1;
				ONLY_ACTIVE_ARCH = YES;
				SDKROOT = iphoneos;
				TARGETED_DEVICE_FAMILY = "1,2";
			};
			name = Debug;
		};
		C4D486D019A9D245009E4C6D /* Release */ = {
			isa = XCBuildConfiguration;
			buildSettings = {
				ALWAYS_SEARCH_USER_PATHS = NO;
				CLANG_CXX_LANGUAGE_STANDARD = "gnu++0x";
				CLANG_CXX_LIBRARY = "libc++";
				CLANG_ENABLE_MODULES = YES;
				CLANG_ENABLE_OBJC_ARC = YES;
				CLANG_WARN_BOOL_CONVERSION = YES;
				CLANG_WARN_CONSTANT_CONVERSION = YES;
				CLANG_WARN_DIRECT_OBJC_ISA_USAGE = YES_ERROR;
				CLANG_WARN_EMPTY_BODY = YES;
				CLANG_WARN_ENUM_CONVERSION = YES;
				CLANG_WARN_INT_CONVERSION = YES;
				CLANG_WARN_OBJC_ROOT_CLASS = YES_ERROR;
				CLANG_WARN__DUPLICATE_METHOD_MATCH = YES;
				"CODE_SIGN_IDENTITY[sdk=iphoneos*]" = "iPhone Developer";
				COPY_PHASE_STRIP = YES;
				ENABLE_NS_ASSERTIONS = NO;
				GCC_C_LANGUAGE_STANDARD = gnu99;
				GCC_WARN_64_TO_32_BIT_CONVERSION = YES;
				GCC_WARN_ABOUT_RETURN_TYPE = YES_ERROR;
				GCC_WARN_UNDECLARED_SELECTOR = YES;
				GCC_WARN_UNINITIALIZED_AUTOS = YES_AGGRESSIVE;
				GCC_WARN_UNUSED_FUNCTION = YES;
				GCC_WARN_UNUSED_VARIABLE = YES;
				IPHONEOS_DEPLOYMENT_TARGET = 7.1;
				SDKROOT = iphoneos;
				TARGETED_DEVICE_FAMILY = "1,2";
				VALIDATE_PRODUCT = YES;
			};
			name = Release;
		};
		C4D486D219A9D245009E4C6D /* Debug */ = {
			isa = XCBuildConfiguration;
			buildSettings = {
				ASSETCATALOG_COMPILER_APPICON_NAME = AppIcon;
				ASSETCATALOG_COMPILER_LAUNCHIMAGE_NAME = LaunchImage;
				GCC_PRECOMPILE_PREFIX_HEADER = YES;
				GCC_PREFIX_HEADER = "newBot/newBot-Prefix.pch";
				INFOPLIST_FILE = "newBot/newBot-Info.plist";
				PRODUCT_NAME = "$(TARGET_NAME)";
				WRAPPER_EXTENSION = app;
			};
			name = Debug;
		};
		C4D486D319A9D245009E4C6D /* Release */ = {
			isa = XCBuildConfiguration;
			buildSettings = {
				ASSETCATALOG_COMPILER_APPICON_NAME = AppIcon;
				ASSETCATALOG_COMPILER_LAUNCHIMAGE_NAME = LaunchImage;
				GCC_PRECOMPILE_PREFIX_HEADER = YES;
				GCC_PREFIX_HEADER = "newBot/newBot-Prefix.pch";
				INFOPLIST_FILE = "newBot/newBot-Info.plist";
				PRODUCT_NAME = "$(TARGET_NAME)";
				WRAPPER_EXTENSION = app;
			};
			name = Release;
		};
		C4D486D519A9D245009E4C6D /* Debug */ = {
			isa = XCBuildConfiguration;
			buildSettings = {
				BUNDLE_LOADER = "$(BUILT_PRODUCTS_DIR)/newBot.app/newBot";
				FRAMEWORK_SEARCH_PATHS = (
					"$(SDKROOT)/Developer/Library/Frameworks",
					"$(inherited)",
					"$(DEVELOPER_FRAMEWORKS_DIR)",
				);
				GCC_PRECOMPILE_PREFIX_HEADER = YES;
				GCC_PREFIX_HEADER = "newBot/newBot-Prefix.pch";
				GCC_PREPROCESSOR_DEFINITIONS = (
					"DEBUG=1",
					"$(inherited)",
				);
				INFOPLIST_FILE = "newBotTests/newBotTests-Info.plist";
				PRODUCT_NAME = "$(TARGET_NAME)";
				TEST_HOST = "$(BUNDLE_LOADER)";
				WRAPPER_EXTENSION = xctest;
			};
			name = Debug;
		};
		C4D486D619A9D245009E4C6D /* Release */ = {
			isa = XCBuildConfiguration;
			buildSettings = {
				BUNDLE_LOADER = "$(BUILT_PRODUCTS_DIR)/newBot.app/newBot";
				FRAMEWORK_SEARCH_PATHS = (
					"$(SDKROOT)/Developer/Library/Frameworks",
					"$(inherited)",
					"$(DEVELOPER_FRAMEWORKS_DIR)",
				);
				GCC_PRECOMPILE_PREFIX_HEADER = YES;
				GCC_PREFIX_HEADER = "newBot/newBot-Prefix.pch";
				INFOPLIST_FILE = "newBotTests/newBotTests-Info.plist";
				PRODUCT_NAME = "$(TARGET_NAME)";
				TEST_HOST = "$(BUNDLE_LOADER)";
				WRAPPER_EXTENSION = xctest;
			};
			name = Release;
		};
/* End XCBuildConfiguration section */

/* Begin XCConfigurationList section */
		C4D4869719A9D245009E4C6D /* Build configuration list for PBXProject "newBot" */ = {
			isa = XCConfigurationList;
			buildConfigurations = (
				C4D486CF19A9D245009E4C6D /* Debug */,
				C4D486D019A9D245009E4C6D /* Release */,
			);
			defaultConfigurationIsVisible = 0;
			defaultConfigurationName = Release;
		};
		C4D486D119A9D245009E4C6D /* Build configuration list for PBXNativeTarget "newBot" */ = {
			isa = XCConfigurationList;
			buildConfigurations = (
				C4D486D219A9D245009E4C6D /* Debug */,
				C4D486D319A9D245009E4C6D /* Release */,
			);
			defaultConfigurationIsVisible = 0;
		};
		C4D486D419A9D245009E4C6D /* Build configuration list for PBXNativeTarget "newBotTests" */ = {
			isa = XCConfigurationList;
			buildConfigurations = (
				C4D486D519A9D245009E4C6D /* Debug */,
				C4D486D619A9D245009E4C6D /* Release */,
			);
			defaultConfigurationIsVisible = 0;
		};
/* End XCConfigurationList section */
	};
	rootObject = C4D4869419A9D245009E4C6D /* Project object */;
}
